Microsoft Visual Studio Solution File, Format Version 12.00
# Visual Studio Version 17
VisualStudioVersion = 17.5.2.0
MinimumVisualStudioVersion = 10.0.40219.1
Project("{FAE04EC0-301F-11D3-BF4B-00C04F79EFBC}") = "TaskManagement.API", "TaskManagement.API\TaskManagement.API.csproj", "{5B0405E0-47B4-8CC4-6310-BD0C14486A41}"
EndProject
Global
	GlobalSection(SolutionConfigurationPlatforms) = preSolution
		Debug|Any CPU = Debug|Any CPU
		Release|Any CPU = Release|Any CPU
	EndGlobalSection
	GlobalSection(ProjectConfigurationPlatforms) = postSolution
		{5B0405E0-47B4-8CC4-6310-BD0C14486A41}.Debug|Any CPU.ActiveCfg = Debug|Any CPU
		{5B0405E0-47B4-8CC4-6310-BD0C14486A41}.Debug|Any CPU.Build.0 = Debug|Any CPU
		{5B0405E0-47B4-8CC4-6310-BD0C14486A41}.Release|Any CPU.ActiveCfg = Release|Any CPU
		{5B0405E0-47B4-8CC4-6310-BD0C14486A41}.Release|Any CPU.Build.0 = Release|Any CPU
	EndGlobalSection
	GlobalSection(SolutionProperties) = preSolution
		HideSolutionNode = FALSE
	EndGlobalSection
	GlobalSection(ExtensibilityGlobals) = postSolution
		SolutionGuid = {6A546B03-AA63-42C6-BE56-78D03844403C}
	EndGlobalSection
EndGlobal
